
Microsoft Visual Studio Solution File, Format Version 12.00
# Visual Studio Version 17
VisualStudioVersion = 17.10.34928.147
MinimumVisualStudioVersion = 10.0.40219.1
Project("{FAE04EC0-301F-11D3-BF4B-00C04F79EFBC}") = "ExPolimor2", "ExPolimor2\ExPolimor2.csproj", "{039811F7-13E6-4260-9702-16D8175D6CBC}"
EndProject
Global
	GlobalSection(SolutionConfigurationPlatforms) = preSolution
		Debug|Any CPU = Debug|Any CPU
		Release|Any CPU = Release|Any CPU
	EndGlobalSection
	GlobalSection(ProjectConfigurationPlatforms) = postSolution
		{039811F7-13E6-4260-9702-16D8175D6CBC}.Debug|Any CPU.ActiveCfg = Debug|Any CPU
		{039811F7-13E6-4260-9702-16D8175D6CBC}.Debug|Any CPU.Build.0 = Debug|Any CPU
		{039811F7-13E6-4260-9702-16D8175D6CBC}.Release|Any CPU.ActiveCfg = Release|Any CPU
		{039811F7-13E6-4260-9702-16D8175D6CBC}.Release|Any CPU.Build.0 = Release|Any CPU
	EndGlobalSection
	GlobalSection(SolutionProperties) = preSolution
		HideSolutionNode = FALSE
	EndGlobalSection
	GlobalSection(ExtensibilityGlobals) = postSolution
		SolutionGuid = {93B95F65-A6EF-4A3D-A9A9-2A1348324451}
	EndGlobalSection
EndGlobal
